// !$*UTF8*$!
{
	archiveVersion = 1;
	classes = {
	};
	objectVersion = 46;
	objects = {

/* Begin PBXBuildFile section */
		0207DA581B56EA530066E2B4 /* Images.xcassets in Resources */ = {isa = PBXBuildFile; fileRef = 0207DA571B56EA530066E2B4 /* Images.xcassets */; };
		1D3623260D0F684500981E51 /* AppDelegate.m in Sources */ = {isa = PBXBuildFile; fileRef = 1D3623250D0F684500981E51 /* AppDelegate.m */; };
		1D60589B0D05DD56006BFB54 /* main.m in Sources */ = {isa = PBXBuildFile; fileRef = 29B97316FDCFA39411CA2CEA /* main.m */; };
		301BF552109A68D80062928A /* libCordova.a in Frameworks */ = {isa = PBXBuildFile; fileRef = 301BF535109A57CC0062928A /* libCordova.a */; settings = {ATTRIBUTES = (Required, ); }; };
		302D95F114D2391D003F00A1 /* MainViewController.m in Sources */ = {isa = PBXBuildFile; fileRef = 302D95EF14D2391D003F00A1 /* MainViewController.m */; };
		302D95F214D2391D003F00A1 /* MainViewController.xib in Resources */ = {isa = PBXBuildFile; fileRef = 302D95F014D2391D003F00A1 /* MainViewController.xib */; };
		6AFF5BF91D6E424B00AB3073 /* CDVLaunchScreen.storyboard in Resources */ = {isa = PBXBuildFile; fileRef = 6AFF5BF81D6E424B00AB3073 /* CDVLaunchScreen.storyboard */; };
		01695BE8BF3D408591461493 /* CDVFile.m in Sources */ = {isa = PBXBuildFile; fileRef = CA8C8B4467224F72BD9B2C61 /* CDVFile.m */; };
		6706D9E94C974836BD88ECF7 /* CDVLocalFilesystem.m in Sources */ = {isa = PBXBuildFile; fileRef = 5CA5B9CA92624563A5E110BA /* CDVLocalFilesystem.m */; };
		91DDFA155BAE4B8683A945F9 /* CDVAssetLibraryFilesystem.m in Sources */ = {isa = PBXBuildFile; fileRef = CDAFAF124D0843CB9C8E995B /* CDVAssetLibraryFilesystem.m */; };
		DF8EB97FAA944E9DB1D2854D /* CordovaHttpPlugin.m in Sources */ = {isa = PBXBuildFile; fileRef = AFBC626C725A46E9935E4D78 /* CordovaHttpPlugin.m */; };
		B44FF00E6FD746C3858C3EF2 /* BinaryRequestSerializer.m in Sources */ = {isa = PBXBuildFile; fileRef = 0232B2A7B0354127A68B4896 /* BinaryRequestSerializer.m */; };
		687D53C5E28646CE9BAD9AAA /* BinaryResponseSerializer.m in Sources */ = {isa = PBXBuildFile; fileRef = E670C6BDE1AE42F59D5DC433 /* BinaryResponseSerializer.m */; };
		FD3A8ABD7E1D47D0BD90EFF6 /* TextResponseSerializer.m in Sources */ = {isa = PBXBuildFile; fileRef = A9998D6DC0CD4043851CB12B /* TextResponseSerializer.m */; };
		276918862FF344F9BA4A82BB /* TextRequestSerializer.m in Sources */ = {isa = PBXBuildFile; fileRef = 2C73578B31654FC4A4EF3213 /* TextRequestSerializer.m */; };
		EF15DABF726141A6B84679E6 /* AFHTTPSessionManager.m in Sources */ = {isa = PBXBuildFile; fileRef = AEFFA8326F554C3DB8128C19 /* AFHTTPSessionManager.m */; };
		2B85E1A7974C4540AE73C432 /* AFNetworkReachabilityManager.m in Sources */ = {isa = PBXBuildFile; fileRef = A652E867C2ED465C95013287 /* AFNetworkReachabilityManager.m */; };
		246B26903C6F47B9AFC5D858 /* AFSecurityPolicy.m in Sources */ = {isa = PBXBuildFile; fileRef = 458BA08EEC434642913F118D /* AFSecurityPolicy.m */; };
		B3D1F912D6E6414E839147A1 /* AFURLRequestSerialization.m in Sources */ = {isa = PBXBuildFile; fileRef = EBC8840C43C6404B85EC5882 /* AFURLRequestSerialization.m */; };
		10A2528322254D81889DE5B3 /* AFURLResponseSerialization.m in Sources */ = {isa = PBXBuildFile; fileRef = 5D330823159A4D0C81DC751B /* AFURLResponseSerialization.m */; };
		C1315ACFDF4F48B0807ABC0C /* AFURLSessionManager.m in Sources */ = {isa = PBXBuildFile; fileRef = 4896ADCC49264592A178647F /* AFURLSessionManager.m */; };
		6BB476AFEB01407DA07DF644 /* SDNetworkActivityIndicator.m in Sources */ = {isa = PBXBuildFile; fileRef = 6F5B348571A64982B161A76C /* SDNetworkActivityIndicator.m */; };
		57D9E757CCA747E5B9336989 /* Security.framework in Frameworks */ = {isa = PBXBuildFile; fileRef = 26A9AB05EF414DB7B681AC3F /* Security.framework */; };
		6468638DF60D4424B3D5FAAB /* SystemConfiguration.framework in Frameworks */ = {isa = PBXBuildFile; fileRef = 738B35C06EA54B879FF4ED3A /* SystemConfiguration.framework */; };
		9D79FD0B4AC9416F94C65476 /* AppVersion.m in Sources */ = {isa = PBXBuildFile; fileRef = D091A0F1746F48E78E9FD41E /* AppVersion.m */; };
		5DCC8DFD67124437B2953A54 /* CDVDevice.m in Sources */ = {isa = PBXBuildFile; fileRef = 964D8D0021B049298C98030C /* CDVDevice.m */; };
		100F76D448644E8F845E73CC /* APPBackgroundMode.m in Sources */ = {isa = PBXBuildFile; fileRef = B4D35A91B378452DBEFD92FC /* APPBackgroundMode.m */; };
		BCC556798BF2409CB080341A /* APPMethodMagic.m in Sources */ = {isa = PBXBuildFile; fileRef = BC8631DE3DA24FE78EE3913A /* APPMethodMagic.m */; };
		BA93448201C144128F3DF129 /* appbeep.wav in Resources */ = {isa = PBXBuildFile; fileRef = 23ABD118CE234289AD03197E /* appbeep.wav */; };
		D37D3DF1DDF44EED8116EF2F /* APPBadge.m in Sources */ = {isa = PBXBuildFile; fileRef = ED9A727F06E04CA6941E41DE /* APPBadge.m */; };
		8D01E9D71A564F2080A37227 /* UIImage+CropScaleOrientation.m in Sources */ = {isa = PBXBuildFile; fileRef = 41A7E020F2FB47E3A98750F0 /* UIImage+CropScaleOrientation.m */; };
		82A00BDAA66D448B8B867F5B /* CDVCamera.m in Sources */ = {isa = PBXBuildFile; fileRef = 06AE41EE3A8744FD8CE22EB2 /* CDVCamera.m */; };
		5369ED40E0804A5BAABFDE68 /* CDVJpegHeaderWriter.m in Sources */ = {isa = PBXBuildFile; fileRef = 00B6A9B2F09E437795B6995F /* CDVJpegHeaderWriter.m */; };
		49786A4475A6402BA329F95F /* ImageIO.framework in Frameworks */ = {isa = PBXBuildFile; fileRef = 3B601BAFD78E4B9FB530D20E /* ImageIO.framework */; settings = {ATTRIBUTES = (Weak, ); }; };
		369CF6DC8968493D948670BA /* CoreLocation.framework in Frameworks */ = {isa = PBXBuildFile; fileRef = 3276AAEE0CDB4D2B9C601ACC /* CoreLocation.framework */; };
		75A8A234D9474625A94078A0 /* AVFoundation.framework in Frameworks */ = {isa = PBXBuildFile; fileRef = C43E5266C2034CF2A1E111BD /* AVFoundation.framework */; };
		485898A19F124E72A0E92495 /* CDVLocation.m in Sources */ = {isa = PBXBuildFile; fileRef = C468A0D7E642405F85583B80 /* CDVLocation.m */; };
		BE9EF90C55C044F59841FA8D /* CDVInAppBrowserOptions.m in Sources */ = {isa = PBXBuildFile; fileRef = 819A70D4CFC64F79A72AC6B3 /* CDVInAppBrowserOptions.m */; };
		2693437DA9104BDBAD7B1E6A /* CDVInAppBrowserNavigationController.m in Sources */ = {isa = PBXBuildFile; fileRef = 651AFBCC88D24F9885A73429 /* CDVInAppBrowserNavigationController.m */; };
		9B556AD75F324B73ADAAFF38 /* CDVWKInAppBrowser.m in Sources */ = {isa = PBXBuildFile; fileRef = D3DBB60AD8BC4399ACBD5076 /* CDVWKInAppBrowser.m */; };
		11B42613B33349039BF0A476 /* CDVWKInAppBrowserUIDelegate.m in Sources */ = {isa = PBXBuildFile; fileRef = BD27BF30CD5546848F298496 /* CDVWKInAppBrowserUIDelegate.m */; };
		9E9CEA27D4DF41F88624C1C8 /* CDVIonicKeyboard.m in Sources */ = {isa = PBXBuildFile; fileRef = F5813947D5BE4F2C9FC5C100 /* CDVIonicKeyboard.m */; };
		82C44DCB386044AB9819EECA /* CDVWKWebViewEngine.m in Sources */ = {isa = PBXBuildFile; fileRef = 0037381D7DAB4ED9A1A2DFFB /* CDVWKWebViewEngine.m */; };
		EECBA131EA1D42DB965E4130 /* CDVWKWebViewUIDelegate.m in Sources */ = {isa = PBXBuildFile; fileRef = C67896D024D74600B7298513 /* CDVWKWebViewUIDelegate.m */; };
		0171EC0292434A46A7B5E488 /* CDVWKProcessPoolFactory.m in Sources */ = {isa = PBXBuildFile; fileRef = 89D5F3A85165411FB875EF6A /* CDVWKProcessPoolFactory.m */; };
		46119800F8804CFAB970CE35 /* IONAssetHandler.m in Sources */ = {isa = PBXBuildFile; fileRef = 9EC88747EA7D40748987E3D0 /* IONAssetHandler.m */; };
		DB3BAAE5EEEA43C7881AAD9E /* WebKit.framework in Frameworks */ = {isa = PBXBuildFile; fileRef = FA19CDEC5C634FD3B5336397 /* WebKit.framework */; settings = {ATTRIBUTES = (Weak, ); }; };
		9F80FBD4386E4751B760103E /* APPLocalNotification.m in Sources */ = {isa = PBXBuildFile; fileRef = 86E80C145F7C490E9941ADFE /* APPLocalNotification.m */; };
		5DC3CE685BD34D87AA072F9E /* APPNotificationContent.m in Sources */ = {isa = PBXBuildFile; fileRef = 5798C8E0E6EC40209857B4E2 /* APPNotificationContent.m */; };
		E3E502ECB435491DAE71069E /* APPNotificationOptions.m in Sources */ = {isa = PBXBuildFile; fileRef = EFDBA87D9DCF43FE9DEA4162 /* APPNotificationOptions.m */; };
		4CE5B6FD5015462F8F919036 /* UNUserNotificationCenter+APPLocalNotification.m in Sources */ = {isa = PBXBuildFile; fileRef = A47891CC7F064854B7B12171 /* UNUserNotificationCenter+APPLocalNotification.m */; };
		72ECB2726E6647638DFD085C /* UNNotificationRequest+APPLocalNotification.m in Sources */ = {isa = PBXBuildFile; fileRef = 334A3F90AEB6459BA1E095B3 /* UNNotificationRequest+APPLocalNotification.m */; };
		F7E88A40D2514FACB0902824 /* UserNotifications.framework in Frameworks */ = {isa = PBXBuildFile; fileRef = 9B912C1F377D44E38C757AC8 /* UserNotifications.framework */; };
		3B6B0B80C39D46068110ECBD /* NativeGeocoder.swift in Sources */ = {isa = PBXBuildFile; fileRef = 5553933A163B45D1A3B2E290 /* NativeGeocoder.swift */; };
		E95B0F03AFD4447C857943FB /* CDVConnection.m in Sources */ = {isa = PBXBuildFile; fileRef = 7679027E489842E3AB0270A8 /* CDVConnection.m */; };
		13E99C24170B47EFA0787626 /* CDVReachability.m in Sources */ = {isa = PBXBuildFile; fileRef = F5B38289800A421C9044EF95 /* CDVReachability.m */; };
		2C4C26DE82CE4835814265FE /* CoreTelephony.framework in Frameworks */ = {isa = PBXBuildFile; fileRef = ED22CE1F09AD46B095144935 /* CoreTelephony.framework */; };
		56B72D300D354D56857D6EAD /* RequestLocationAccuracy.m in Sources */ = {isa = PBXBuildFile; fileRef = A1D5F2B4AA234D8F86CCA906 /* RequestLocationAccuracy.m */; };
		E09D29FA5CDF446FB6D47954 /* CDVSplashScreen.m in Sources */ = {isa = PBXBuildFile; fileRef = AD45F9DAEE0043F9BCEF6A72 /* CDVSplashScreen.m */; };
		9DA568B7321E42C38A97E8B3 /* CDVViewController+SplashScreen.m in Sources */ = {isa = PBXBuildFile; fileRef = 28EB3ED4B8764462BDBB5DBF /* CDVViewController+SplashScreen.m */; };
		67605677ACCD4A9EBFE507FE /* CDVStatusBar.m in Sources */ = {isa = PBXBuildFile; fileRef = 0136A7DE108945DCAE2F3A2E /* CDVStatusBar.m */; };
		F8BB1511431046ACB3D9A789 /* ActionSheet.m in Sources */ = {isa = PBXBuildFile; fileRef = 9136E2C4AE294A56B8098A54 /* ActionSheet.m */; };
		4E2295820A5A407ABD532BBE /* CDVNotification.m in Sources */ = {isa = PBXBuildFile; fileRef = 9CF270E555714D7FBB3A0D32 /* CDVNotification.m */; };
		5F7DBDC8AE2A48A5A7C56B69 /* CDVNotification.bundle in Resources */ = {isa = PBXBuildFile; fileRef = 9F913B5B7FA74619889BB4BD /* CDVNotification.bundle */; };
		ED779E509213466C99B80E36 /* AudioToolbox.framework in Frameworks */ = {isa = PBXBuildFile; fileRef = 7779E3F396F949C9B50A05A9 /* AudioToolbox.framework */; settings = {ATTRIBUTES = (Weak, ); }; };
		9CE954562E6B497A9F80A1B0 /* LaunchNavigatorPlugin.m in Sources */ = {isa = PBXBuildFile; fileRef = B11EF257464E4D56BC02C9AE /* LaunchNavigatorPlugin.m */; };
		05954545AF1442E5A499DC9A /* WE_CordovaLogger.m in Sources */ = {isa = PBXBuildFile; fileRef = FBEC6A93E6B744D9A65CA1E0 /* WE_CordovaLogger.m */; };
		9D41410DF6E64683B3836A1B /* LN_LaunchNavigator.m in Sources */ = {isa = PBXBuildFile; fileRef = CF36F867B4364D619D9FC330 /* LN_LaunchNavigator.m */; };
		6D8282BBA727485DA20976C4 /* LN_Reachability.m in Sources */ = {isa = PBXBuildFile; fileRef = 39350193DA9C494BACD06B72 /* LN_Reachability.m */; };
		D891F39FF6194A649C880BFA /* WE_Logger.m in Sources */ = {isa = PBXBuildFile; fileRef = C6CF741D8D8F4A609B3DC322 /* WE_Logger.m */; };
		B78F6DFC993146BF9DEB52EE /* MapKit.framework in Frameworks */ = {isa = PBXBuildFile; fileRef = 81124AFD97E74C88854CFECA /* MapKit.framework */; };
/* End PBXBuildFile section */

/* Begin PBXContainerItemProxy section */
		301BF534109A57CC0062928A /* PBXContainerItemProxy */ = {
			isa = PBXContainerItemProxy;
			containerPortal = 301BF52D109A57CC0062928A /* CordovaLib.xcodeproj */;
			proxyType = 2;
			remoteGlobalIDString = D2AAC07E0554694100DB518D;
			remoteInfo = CordovaLib;
		};
		301BF550109A68C00062928A /* PBXContainerItemProxy */ = {
			isa = PBXContainerItemProxy;
			containerPortal = 301BF52D109A57CC0062928A /* CordovaLib.xcodeproj */;
			proxyType = 1;
			remoteGlobalIDString = D2AAC07D0554694100DB518D;
			remoteInfo = CordovaLib;
		};
		907D8123214C687600058A10 /* PBXContainerItemProxy */ = {
			isa = PBXContainerItemProxy;
			containerPortal = 301BF52D109A57CC0062928A /* CordovaLib.xcodeproj */;
			proxyType = 2;
			remoteGlobalIDString = C0C01EB21E3911D50056E6CB;
			remoteInfo = Cordova;
		};
/* End PBXContainerItemProxy section */

/* Begin PBXFileReference section */
		0207DA571B56EA530066E2B4 /* Images.xcassets */ = {isa = PBXFileReference; lastKnownFileType = folder.assetcatalog; name = Images.xcassets; path = "Mi familia app/Images.xcassets"; sourceTree = SOURCE_ROOT; };
		1D3623240D0F684500981E51 /* AppDelegate.h */ = {isa = PBXFileReference; fileEncoding = 4; lastKnownFileType = sourcecode.c.h; path = AppDelegate.h; sourceTree = "<group>"; };
		1D3623250D0F684500981E51 /* AppDelegate.m */ = {isa = PBXFileReference; fileEncoding = 4; lastKnownFileType = sourcecode.c.objc; path = AppDelegate.m; sourceTree = "<group>"; };
		1D6058910D05DD3D006BFB54 /* Mi familia app.app */ = {isa = PBXFileReference; explicitFileType = wrapper.application; includeInIndex = 0; path = "Mi familia app.app"; sourceTree = BUILT_PRODUCTS_DIR; };
		29B97316FDCFA39411CA2CEA /* main.m */ = {isa = PBXFileReference; fileEncoding = 4; lastKnownFileType = sourcecode.c.objc; path = main.m; sourceTree = "<group>"; };
		301BF52D109A57CC0062928A /* CordovaLib.xcodeproj */ = {isa = PBXFileReference; lastKnownFileType = "wrapper.pb-project"; name = CordovaLib.xcodeproj; path = CordovaLib/CordovaLib.xcodeproj; sourceTree = "<group>"; };
		301BF56E109A69640062928A /* www */ = {isa = PBXFileReference; lastKnownFileType = folder; path = www; sourceTree = SOURCE_ROOT; };
		302D95EE14D2391D003F00A1 /* MainViewController.h */ = {isa = PBXFileReference; fileEncoding = 4; lastKnownFileType = sourcecode.c.h; path = MainViewController.h; sourceTree = "<group>"; };
		302D95EF14D2391D003F00A1 /* MainViewController.m */ = {isa = PBXFileReference; fileEncoding = 4; lastKnownFileType = sourcecode.c.objc; path = MainViewController.m; sourceTree = "<group>"; };
		302D95F014D2391D003F00A1 /* MainViewController.xib */ = {isa = PBXFileReference; fileEncoding = 4; lastKnownFileType = file.xib; path = MainViewController.xib; sourceTree = "<group>"; };
		3047A50F1AB8059700498E2A /* build-debug.xcconfig */ = {isa = PBXFileReference; fileEncoding = 4; lastKnownFileType = text.xcconfig; name = "build-debug.xcconfig"; path = "cordova/build-debug.xcconfig"; sourceTree = SOURCE_ROOT; };
		3047A5101AB8059700498E2A /* build-release.xcconfig */ = {isa = PBXFileReference; fileEncoding = 4; lastKnownFileType = text.xcconfig; name = "build-release.xcconfig"; path = "cordova/build-release.xcconfig"; sourceTree = SOURCE_ROOT; };
		3047A5111AB8059700498E2A /* build.xcconfig */ = {isa = PBXFileReference; fileEncoding = 4; lastKnownFileType = text.xcconfig; name = build.xcconfig; path = cordova/build.xcconfig; sourceTree = SOURCE_ROOT; };
		32CA4F630368D1EE00C91783 /* Mi familia app-Prefix.pch */ = {isa = PBXFileReference; fileEncoding = 4; lastKnownFileType = sourcecode.c.h; path = "Mi familia app-Prefix.pch"; sourceTree = "<group>"; };
		6AFF5BF81D6E424B00AB3073 /* CDVLaunchScreen.storyboard */ = {isa = PBXFileReference; fileEncoding = 4; lastKnownFileType = file.storyboard; name = CDVLaunchScreen.storyboard; path = "Mi familia app/CDVLaunchScreen.storyboard"; sourceTree = SOURCE_ROOT; };
		8D1107310486CEB800E47090 /* Mi familia app-Info.plist */ = {isa = PBXFileReference; fileEncoding = 4; lastKnownFileType = text.plist.xml; name = "Mi familia app-Info.plist"; path = "Mi familia app/Mi familia app-Info.plist"; plistStructureDefinitionIdentifier = "com.apple.xcode.plist.structure-definition.iphone.info-plist"; sourceTree = SOURCE_ROOT; };
		EB87FDF31871DA8E0020F90C /* www */ = {isa = PBXFileReference; lastKnownFileType = folder; name = www; path = ../../www; sourceTree = "<group>"; };
		EB87FDF41871DAF40020F90C /* config.xml */ = {isa = PBXFileReference; lastKnownFileType = text.xml; name = config.xml; path = ../../config.xml; sourceTree = "<group>"; };
		ED33DF2A687741AEAF9F8254 /* Bridging-Header.h */ = {isa = PBXFileReference; fileEncoding = 4; lastKnownFileType = sourcecode.c.h; name = "Bridging-Header.h"; path = "Bridging-Header.h"; sourceTree = "<group>"; };
		F840E1F0165FE0F500CFE078 /* config.xml */ = {isa = PBXFileReference; lastKnownFileType = text.xml; name = config.xml; path = "Mi familia app/config.xml"; sourceTree = "<group>"; };
		CA8C8B4467224F72BD9B2C61 /* CDVFile.m */ = {isa = PBXFileReference; name = "CDVFile.m"; path = "cordova-plugin-file/CDVFile.m"; sourceTree = "<group>"; fileEncoding = 4; lastKnownFileType = sourcecode.c.objc; explicitFileType = undefined; includeInIndex = 0; };
		5CA5B9CA92624563A5E110BA /* CDVLocalFilesystem.m */ = {isa = PBXFileReference; name = "CDVLocalFilesystem.m"; path = "cordova-plugin-file/CDVLocalFilesystem.m"; sourceTree = "<group>"; fileEncoding = 4; lastKnownFileType = sourcecode.c.objc; explicitFileType = undefined; includeInIndex = 0; };
		CDAFAF124D0843CB9C8E995B /* CDVAssetLibraryFilesystem.m */ = {isa = PBXFileReference; name = "CDVAssetLibraryFilesystem.m"; path = "cordova-plugin-file/CDVAssetLibraryFilesystem.m"; sourceTree = "<group>"; fileEncoding = 4; lastKnownFileType = sourcecode.c.objc; explicitFileType = undefined; includeInIndex = 0; };
		34B56EBC4A124429BFFD391F /* CDVFile.h */ = {isa = PBXFileReference; name = "CDVFile.h"; path = "cordova-plugin-file/CDVFile.h"; sourceTree = "<group>"; fileEncoding = 4; lastKnownFileType = sourcecode.c.h; explicitFileType = undefined; includeInIndex = 0; };
		08B33E7CC63C4A3FBC6E6F25 /* CDVLocalFilesystem.h */ = {isa = PBXFileReference; name = "CDVLocalFilesystem.h"; path = "cordova-plugin-file/CDVLocalFilesystem.h"; sourceTree = "<group>"; fileEncoding = 4; lastKnownFileType = sourcecode.c.h; explicitFileType = undefined; includeInIndex = 0; };
		D62F366BEA2C41C189863CF1 /* CDVAssetLibraryFilesystem.h */ = {isa = PBXFileReference; name = "CDVAssetLibraryFilesystem.h"; path = "cordova-plugin-file/CDVAssetLibraryFilesystem.h"; sourceTree = "<group>"; fileEncoding = 4; lastKnownFileType = sourcecode.c.h; explicitFileType = undefined; includeInIndex = 0; };
		AFBC626C725A46E9935E4D78 /* CordovaHttpPlugin.m */ = {isa = PBXFileReference; name = "CordovaHttpPlugin.m"; path = "cordova-plugin-advanced-http/CordovaHttpPlugin.m"; sourceTree = "<group>"; fileEncoding = 4; lastKnownFileType = sourcecode.c.objc; explicitFileType = undefined; includeInIndex = 0; };
		0232B2A7B0354127A68B4896 /* BinaryRequestSerializer.m */ = {isa = PBXFileReference; name = "BinaryRequestSerializer.m"; path = "cordova-plugin-advanced-http/BinaryRequestSerializer.m"; sourceTree = "<group>"; fileEncoding = 4; lastKnownFileType = sourcecode.c.objc; explicitFileType = undefined; includeInIndex = 0; };
		E670C6BDE1AE42F59D5DC433 /* BinaryResponseSerializer.m */ = {isa = PBXFileReference; name = "BinaryResponseSerializer.m"; path = "cordova-plugin-advanced-http/BinaryResponseSerializer.m"; sourceTree = "<group>"; fileEncoding = 4; lastKnownFileType = sourcecode.c.objc; explicitFileType = undefined; includeInIndex = 0; };
		A9998D6DC0CD4043851CB12B /* TextResponseSerializer.m */ = {isa = PBXFileReference; name = "TextResponseSerializer.m"; path = "cordova-plugin-advanced-http/TextResponseSerializer.m"; sourceTree = "<group>"; fileEncoding = 4; lastKnownFileType = sourcecode.c.objc; explicitFileType = undefined; includeInIndex = 0; };
		2C73578B31654FC4A4EF3213 /* TextRequestSerializer.m */ = {isa = PBXFileReference; name = "TextRequestSerializer.m"; path = "cordova-plugin-advanced-http/TextRequestSerializer.m"; sourceTree = "<group>"; fileEncoding = 4; lastKnownFileType = sourcecode.c.objc; explicitFileType = undefined; includeInIndex = 0; };
		AEFFA8326F554C3DB8128C19 /* AFHTTPSessionManager.m */ = {isa = PBXFileReference; name = "AFHTTPSessionManager.m"; path = "cordova-plugin-advanced-http/AFHTTPSessionManager.m"; sourceTree = "<group>"; fileEncoding = 4; lastKnownFileType = sourcecode.c.objc; explicitFileType = undefined; includeInIndex = 0; };
		A652E867C2ED465C95013287 /* AFNetworkReachabilityManager.m */ = {isa = PBXFileReference; name = "AFNetworkReachabilityManager.m"; path = "cordova-plugin-advanced-http/AFNetworkReachabilityManager.m"; sourceTree = "<group>"; fileEncoding = 4; lastKnownFileType = sourcecode.c.objc; explicitFileType = undefined; includeInIndex = 0; };
		458BA08EEC434642913F118D /* AFSecurityPolicy.m */ = {isa = PBXFileReference; name = "AFSecurityPolicy.m"; path = "cordova-plugin-advanced-http/AFSecurityPolicy.m"; sourceTree = "<group>"; fileEncoding = 4; lastKnownFileType = sourcecode.c.objc; explicitFileType = undefined; includeInIndex = 0; };
		EBC8840C43C6404B85EC5882 /* AFURLRequestSerialization.m */ = {isa = PBXFileReference; name = "AFURLRequestSerialization.m"; path = "cordova-plugin-advanced-http/AFURLRequestSerialization.m"; sourceTree = "<group>"; fileEncoding = 4; lastKnownFileType = sourcecode.c.objc; explicitFileType = undefined; includeInIndex = 0; };
		5D330823159A4D0C81DC751B /* AFURLResponseSerialization.m */ = {isa = PBXFileReference; name = "AFURLResponseSerialization.m"; path = "cordova-plugin-advanced-http/AFURLResponseSerialization.m"; sourceTree = "<group>"; fileEncoding = 4; lastKnownFileType = sourcecode.c.objc; explicitFileType = undefined; includeInIndex = 0; };
		4896ADCC49264592A178647F /* AFURLSessionManager.m */ = {isa = PBXFileReference; name = "AFURLSessionManager.m"; path = "cordova-plugin-advanced-http/AFURLSessionManager.m"; sourceTree = "<group>"; fileEncoding = 4; lastKnownFileType = sourcecode.c.objc; explicitFileType = undefined; includeInIndex = 0; };
		6F5B348571A64982B161A76C /* SDNetworkActivityIndicator.m */ = {isa = PBXFileReference; name = "SDNetworkActivityIndicator.m"; path = "cordova-plugin-advanced-http/SDNetworkActivityIndicator.m"; sourceTree = "<group>"; fileEncoding = 4; lastKnownFileType = sourcecode.c.objc; explicitFileType = undefined; includeInIndex = 0; };
		F005D3E1E98F41FFB7617200 /* CordovaHttpPlugin.h */ = {isa = PBXFileReference; name = "CordovaHttpPlugin.h"; path = "cordova-plugin-advanced-http/CordovaHttpPlugin.h"; sourceTree = "<group>"; fileEncoding = 4; lastKnownFileType = sourcecode.c.h; explicitFileType = undefined; includeInIndex = 0; };
		AB5074C37F404E13A47CC4E2 /* BinaryRequestSerializer.h */ = {isa = PBXFileReference; name = "BinaryRequestSerializer.h"; path = "cordova-plugin-advanced-http/BinaryRequestSerializer.h"; sourceTree = "<group>"; fileEncoding = 4; lastKnownFileType = sourcecode.c.h; explicitFileType = undefined; includeInIndex = 0; };
		26A4263903004203B9351173 /* BinaryResponseSerializer.h */ = {isa = PBXFileReference; name = "BinaryResponseSerializer.h"; path = "cordova-plugin-advanced-http/BinaryResponseSerializer.h"; sourceTree = "<group>"; fileEncoding = 4; lastKnownFileType = sourcecode.c.h; explicitFileType = undefined; includeInIndex = 0; };
		5274CAC90107486598381BE0 /* TextResponseSerializer.h */ = {isa = PBXFileReference; name = "TextResponseSerializer.h"; path = "cordova-plugin-advanced-http/TextResponseSerializer.h"; sourceTree = "<group>"; fileEncoding = 4; lastKnownFileType = sourcecode.c.h; explicitFileType = undefined; includeInIndex = 0; };
		C6C0F164C7064E29A30764B4 /* TextRequestSerializer.h */ = {isa = PBXFileReference; name = "TextRequestSerializer.h"; path = "cordova-plugin-advanced-http/TextRequestSerializer.h"; sourceTree = "<group>"; fileEncoding = 4; lastKnownFileType = sourcecode.c.h; explicitFileType = undefined; includeInIndex = 0; };
		87EF993BDE454EB794FDB6C0 /* AFHTTPSessionManager.h */ = {isa = PBXFileReference; name = "AFHTTPSessionManager.h"; path = "cordova-plugin-advanced-http/AFHTTPSessionManager.h"; sourceTree = "<group>"; fileEncoding = 4; lastKnownFileType = sourcecode.c.h; explicitFileType = undefined; includeInIndex = 0; };
		2011425874F74772BDD57346 /* AFNetworking.h */ = {isa = PBXFileReference; name = "AFNetworking.h"; path = "cordova-plugin-advanced-http/AFNetworking.h"; sourceTree = "<group>"; fileEncoding = 4; lastKnownFileType = sourcecode.c.h; explicitFileType = undefined; includeInIndex = 0; };
		5BEC0ECCDFF547AA9A2020A7 /* AFNetworkReachabilityManager.h */ = {isa = PBXFileReference; name = "AFNetworkReachabilityManager.h"; path = "cordova-plugin-advanced-http/AFNetworkReachabilityManager.h"; sourceTree = "<group>"; fileEncoding = 4; lastKnownFileType = sourcecode.c.h; explicitFileType = undefined; includeInIndex = 0; };
		B31B9F33C6E148CDBFDC07C5 /* AFSecurityPolicy.h */ = {isa = PBXFileReference; name = "AFSecurityPolicy.h"; path = "cordova-plugin-advanced-http/AFSecurityPolicy.h"; sourceTree = "<group>"; fileEncoding = 4; lastKnownFileType = sourcecode.c.h; explicitFileType = undefined; includeInIndex = 0; };
		952FB3D97D5B4A1F9164EE7F /* AFURLRequestSerialization.h */ = {isa = PBXFileReference; name = "AFURLRequestSerialization.h"; path = "cordova-plugin-advanced-http/AFURLRequestSerialization.h"; sourceTree = "<group>"; fileEncoding = 4; lastKnownFileType = sourcecode.c.h; explicitFileType = undefined; includeInIndex = 0; };
		AC706D22AD1842C495DC6BAF /* AFURLResponseSerialization.h */ = {isa = PBXFileReference; name = "AFURLResponseSerialization.h"; path = "cordova-plugin-advanced-http/AFURLResponseSerialization.h"; sourceTree = "<group>"; fileEncoding = 4; lastKnownFileType = sourcecode.c.h; explicitFileType = undefined; includeInIndex = 0; };
		50518FEDDB1F49A682A627D2 /* AFURLSessionManager.h */ = {isa = PBXFileReference; name = "AFURLSessionManager.h"; path = "cordova-plugin-advanced-http/AFURLSessionManager.h"; sourceTree = "<group>"; fileEncoding = 4; lastKnownFileType = sourcecode.c.h; explicitFileType = undefined; includeInIndex = 0; };
		D5E3C414C18F4EAAAF8AF85B /* SDNetworkActivityIndicator.h */ = {isa = PBXFileReference; name = "SDNetworkActivityIndicator.h"; path = "cordova-plugin-advanced-http/SDNetworkActivityIndicator.h"; sourceTree = "<group>"; fileEncoding = 4; lastKnownFileType = sourcecode.c.h; explicitFileType = undefined; includeInIndex = 0; };
		26A9AB05EF414DB7B681AC3F /* Security.framework */ = {isa = PBXFileReference; name = "Security.framework"; path = "System/Library/Frameworks/Security.framework"; sourceTree = SDKROOT; fileEncoding = undefined; lastKnownFileType = wrapper.framework; explicitFileType = undefined; includeInIndex = 0; };
		738B35C06EA54B879FF4ED3A /* SystemConfiguration.framework */ = {isa = PBXFileReference; name = "SystemConfiguration.framework"; path = "System/Library/Frameworks/SystemConfiguration.framework"; sourceTree = SDKROOT; fileEncoding = undefined; lastKnownFileType = wrapper.framework; explicitFileType = undefined; includeInIndex = 0; };
		D091A0F1746F48E78E9FD41E /* AppVersion.m */ = {isa = PBXFileReference; name = "AppVersion.m"; path = "cordova-plugin-app-version/AppVersion.m"; sourceTree = "<group>"; fileEncoding = 4; lastKnownFileType = sourcecode.c.objc; explicitFileType = undefined; includeInIndex = 0; };
		4B7DF9C7949E43A0B18BF1DF /* AppVersion.h */ = {isa = PBXFileReference; name = "AppVersion.h"; path = "cordova-plugin-app-version/AppVersion.h"; sourceTree = "<group>"; fileEncoding = 4; lastKnownFileType = sourcecode.c.h; explicitFileType = undefined; includeInIndex = 0; };
		964D8D0021B049298C98030C /* CDVDevice.m */ = {isa = PBXFileReference; name = "CDVDevice.m"; path = "cordova-plugin-device/CDVDevice.m"; sourceTree = "<group>"; fileEncoding = 4; lastKnownFileType = sourcecode.c.objc; explicitFileType = undefined; includeInIndex = 0; };
		D1AFF2337FA04442A8B252E5 /* CDVDevice.h */ = {isa = PBXFileReference; name = "CDVDevice.h"; path = "cordova-plugin-device/CDVDevice.h"; sourceTree = "<group>"; fileEncoding = 4; lastKnownFileType = sourcecode.c.h; explicitFileType = undefined; includeInIndex = 0; };
		B4D35A91B378452DBEFD92FC /* APPBackgroundMode.m */ = {isa = PBXFileReference; name = "APPBackgroundMode.m"; path = "cordova-plugin-background-mode/APPBackgroundMode.m"; sourceTree = "<group>"; fileEncoding = 4; lastKnownFileType = sourcecode.c.objc; explicitFileType = undefined; includeInIndex = 0; };
		BC8631DE3DA24FE78EE3913A /* APPMethodMagic.m */ = {isa = PBXFileReference; name = "APPMethodMagic.m"; path = "cordova-plugin-background-mode/APPMethodMagic.m"; sourceTree = "<group>"; fileEncoding = 4; lastKnownFileType = sourcecode.c.objc; explicitFileType = undefined; includeInIndex = 0; };
		C7BB925F3EAF430793AF3391 /* APPBackgroundMode.h */ = {isa = PBXFileReference; name = "APPBackgroundMode.h"; path = "cordova-plugin-background-mode/APPBackgroundMode.h"; sourceTree = "<group>"; fileEncoding = 4; lastKnownFileType = sourcecode.c.h; explicitFileType = undefined; includeInIndex = 0; };
		96BE0969685842C481E9B49E /* APPMethodMagic.h */ = {isa = PBXFileReference; name = "APPMethodMagic.h"; path = "cordova-plugin-background-mode/APPMethodMagic.h"; sourceTree = "<group>"; fileEncoding = 4; lastKnownFileType = sourcecode.c.h; explicitFileType = undefined; includeInIndex = 0; };
		23ABD118CE234289AD03197E /* appbeep.wav */ = {isa = PBXFileReference; name = "appbeep.wav"; path = "appbeep.wav"; sourceTree = "<group>"; fileEncoding = undefined; lastKnownFileType = unknown; explicitFileType = undefined; includeInIndex = 0; };
		ED9A727F06E04CA6941E41DE /* APPBadge.m */ = {isa = PBXFileReference; name = "APPBadge.m"; path = "cordova-plugin-badge/APPBadge.m"; sourceTree = "<group>"; fileEncoding = 4; lastKnownFileType = sourcecode.c.objc; explicitFileType = undefined; includeInIndex = 0; };
		ECE2677427344586AEB00C17 /* APPBadge.h */ = {isa = PBXFileReference; name = "APPBadge.h"; path = "cordova-plugin-badge/APPBadge.h"; sourceTree = "<group>"; fileEncoding = 4; lastKnownFileType = sourcecode.c.h; explicitFileType = undefined; includeInIndex = 0; };
		41A7E020F2FB47E3A98750F0 /* UIImage+CropScaleOrientation.m */ = {isa = PBXFileReference; name = "UIImage+CropScaleOrientation.m"; path = "cordova-plugin-camera/UIImage+CropScaleOrientation.m"; sourceTree = "<group>"; fileEncoding = 4; lastKnownFileType = sourcecode.c.objc; explicitFileType = undefined; includeInIndex = 0; };
		06AE41EE3A8744FD8CE22EB2 /* CDVCamera.m */ = {isa = PBXFileReference; name = "CDVCamera.m"; path = "cordova-plugin-camera/CDVCamera.m"; sourceTree = "<group>"; fileEncoding = 4; lastKnownFileType = sourcecode.c.objc; explicitFileType = undefined; includeInIndex = 0; };
		00B6A9B2F09E437795B6995F /* CDVJpegHeaderWriter.m */ = {isa = PBXFileReference; name = "CDVJpegHeaderWriter.m"; path = "cordova-plugin-camera/CDVJpegHeaderWriter.m"; sourceTree = "<group>"; fileEncoding = 4; lastKnownFileType = sourcecode.c.objc; explicitFileType = undefined; includeInIndex = 0; };
		FEC7A82C49484BAEB9204DA9 /* UIImage+CropScaleOrientation.h */ = {isa = PBXFileReference; name = "UIImage+CropScaleOrientation.h"; path = "cordova-plugin-camera/UIImage+CropScaleOrientation.h"; sourceTree = "<group>"; fileEncoding = 4; lastKnownFileType = sourcecode.c.h; explicitFileType = undefined; includeInIndex = 0; };
		9C08C12861ED4E91A180D378 /* CDVCamera.h */ = {isa = PBXFileReference; name = "CDVCamera.h"; path = "cordova-plugin-camera/CDVCamera.h"; sourceTree = "<group>"; fileEncoding = 4; lastKnownFileType = sourcecode.c.h; explicitFileType = undefined; includeInIndex = 0; };
		02C4DE4BBB094F8B8357A00C /* CDVJpegHeaderWriter.h */ = {isa = PBXFileReference; name = "CDVJpegHeaderWriter.h"; path = "cordova-plugin-camera/CDVJpegHeaderWriter.h"; sourceTree = "<group>"; fileEncoding = 4; lastKnownFileType = sourcecode.c.h; explicitFileType = undefined; includeInIndex = 0; };
		F5FDC7FA264248F0BF15046C /* CDVExif.h */ = {isa = PBXFileReference; name = "CDVExif.h"; path = "cordova-plugin-camera/CDVExif.h"; sourceTree = "<group>"; fileEncoding = 4; lastKnownFileType = sourcecode.c.h; explicitFileType = undefined; includeInIndex = 0; };
		3B601BAFD78E4B9FB530D20E /* ImageIO.framework */ = {isa = PBXFileReference; name = "ImageIO.framework"; path = "System/Library/Frameworks/ImageIO.framework"; sourceTree = SDKROOT; fileEncoding = undefined; lastKnownFileType = wrapper.framework; explicitFileType = undefined; includeInIndex = 0; };
		3276AAEE0CDB4D2B9C601ACC /* CoreLocation.framework */ = {isa = PBXFileReference; name = "CoreLocation.framework"; path = "System/Library/Frameworks/CoreLocation.framework"; sourceTree = SDKROOT; fileEncoding = undefined; lastKnownFileType = wrapper.framework; explicitFileType = undefined; includeInIndex = 0; };
		C43E5266C2034CF2A1E111BD /* AVFoundation.framework */ = {isa = PBXFileReference; name = "AVFoundation.framework"; path = "System/Library/Frameworks/AVFoundation.framework"; sourceTree = SDKROOT; fileEncoding = undefined; lastKnownFileType = wrapper.framework; explicitFileType = undefined; includeInIndex = 0; };
		C468A0D7E642405F85583B80 /* CDVLocation.m */ = {isa = PBXFileReference; name = "CDVLocation.m"; path = "cordova-plugin-geolocation/CDVLocation.m"; sourceTree = "<group>"; fileEncoding = 4; lastKnownFileType = sourcecode.c.objc; explicitFileType = undefined; includeInIndex = 0; };
		10D3BB2A01394E7E9F2B8EDB /* CDVLocation.h */ = {isa = PBXFileReference; name = "CDVLocation.h"; path = "cordova-plugin-geolocation/CDVLocation.h"; sourceTree = "<group>"; fileEncoding = 4; lastKnownFileType = sourcecode.c.h; explicitFileType = undefined; includeInIndex = 0; };
		819A70D4CFC64F79A72AC6B3 /* CDVInAppBrowserOptions.m */ = {isa = PBXFileReference; name = "CDVInAppBrowserOptions.m"; path = "cordova-plugin-inappbrowser/CDVInAppBrowserOptions.m"; sourceTree = "<group>"; fileEncoding = 4; lastKnownFileType = sourcecode.c.objc; explicitFileType = undefined; includeInIndex = 0; };
		651AFBCC88D24F9885A73429 /* CDVInAppBrowserNavigationController.m */ = {isa = PBXFileReference; name = "CDVInAppBrowserNavigationController.m"; path = "cordova-plugin-inappbrowser/CDVInAppBrowserNavigationController.m"; sourceTree = "<group>"; fileEncoding = 4; lastKnownFileType = sourcecode.c.objc; explicitFileType = undefined; includeInIndex = 0; };
		D3DBB60AD8BC4399ACBD5076 /* CDVWKInAppBrowser.m */ = {isa = PBXFileReference; name = "CDVWKInAppBrowser.m"; path = "cordova-plugin-inappbrowser/CDVWKInAppBrowser.m"; sourceTree = "<group>"; fileEncoding = 4; lastKnownFileType = sourcecode.c.objc; explicitFileType = undefined; includeInIndex = 0; };
		BD27BF30CD5546848F298496 /* CDVWKInAppBrowserUIDelegate.m */ = {isa = PBXFileReference; name = "CDVWKInAppBrowserUIDelegate.m"; path = "cordova-plugin-inappbrowser/CDVWKInAppBrowserUIDelegate.m"; sourceTree = "<group>"; fileEncoding = 4; lastKnownFileType = sourcecode.c.objc; explicitFileType = undefined; includeInIndex = 0; };
		3A4D77A89B93418BBCA5005F /* CDVInAppBrowserOptions.h */ = {isa = PBXFileReference; name = "CDVInAppBrowserOptions.h"; path = "cordova-plugin-inappbrowser/CDVInAppBrowserOptions.h"; sourceTree = "<group>"; fileEncoding = 4; lastKnownFileType = sourcecode.c.h; explicitFileType = undefined; includeInIndex = 0; };
		C6406200E9E74B5F9F2083AC /* CDVInAppBrowserNavigationController.h */ = {isa = PBXFileReference; name = "CDVInAppBrowserNavigationController.h"; path = "cordova-plugin-inappbrowser/CDVInAppBrowserNavigationController.h"; sourceTree = "<group>"; fileEncoding = 4; lastKnownFileType = sourcecode.c.h; explicitFileType = undefined; includeInIndex = 0; };
		41C3B90BD17D419088BA7FCD /* CDVWKInAppBrowser.h */ = {isa = PBXFileReference; name = "CDVWKInAppBrowser.h"; path = "cordova-plugin-inappbrowser/CDVWKInAppBrowser.h"; sourceTree = "<group>"; fileEncoding = 4; lastKnownFileType = sourcecode.c.h; explicitFileType = undefined; includeInIndex = 0; };
		875BF359E6634E8DBD0D9A69 /* CDVWKInAppBrowserUIDelegate.h */ = {isa = PBXFileReference; name = "CDVWKInAppBrowserUIDelegate.h"; path = "cordova-plugin-inappbrowser/CDVWKInAppBrowserUIDelegate.h"; sourceTree = "<group>"; fileEncoding = 4; lastKnownFileType = sourcecode.c.h; explicitFileType = undefined; includeInIndex = 0; };
		F5813947D5BE4F2C9FC5C100 /* CDVIonicKeyboard.m */ = {isa = PBXFileReference; name = "CDVIonicKeyboard.m"; path = "cordova-plugin-ionic-keyboard/CDVIonicKeyboard.m"; sourceTree = "<group>"; fileEncoding = 4; lastKnownFileType = sourcecode.c.objc; explicitFileType = undefined; includeInIndex = 0; };
		23EFEB82B71A41ACA63190DF /* CDVIonicKeyboard.h */ = {isa = PBXFileReference; name = "CDVIonicKeyboard.h"; path = "cordova-plugin-ionic-keyboard/CDVIonicKeyboard.h"; sourceTree = "<group>"; fileEncoding = 4; lastKnownFileType = sourcecode.c.h; explicitFileType = undefined; includeInIndex = 0; };
		0037381D7DAB4ED9A1A2DFFB /* CDVWKWebViewEngine.m */ = {isa = PBXFileReference; name = "CDVWKWebViewEngine.m"; path = "cordova-plugin-ionic-webview/CDVWKWebViewEngine.m"; sourceTree = "<group>"; fileEncoding = 4; lastKnownFileType = sourcecode.c.objc; explicitFileType = undefined; includeInIndex = 0; };
		C67896D024D74600B7298513 /* CDVWKWebViewUIDelegate.m */ = {isa = PBXFileReference; name = "CDVWKWebViewUIDelegate.m"; path = "cordova-plugin-ionic-webview/CDVWKWebViewUIDelegate.m"; sourceTree = "<group>"; fileEncoding = 4; lastKnownFileType = sourcecode.c.objc; explicitFileType = undefined; includeInIndex = 0; };
		89D5F3A85165411FB875EF6A /* CDVWKProcessPoolFactory.m */ = {isa = PBXFileReference; name = "CDVWKProcessPoolFactory.m"; path = "cordova-plugin-ionic-webview/CDVWKProcessPoolFactory.m"; sourceTree = "<group>"; fileEncoding = 4; lastKnownFileType = sourcecode.c.objc; explicitFileType = undefined; includeInIndex = 0; };
		9EC88747EA7D40748987E3D0 /* IONAssetHandler.m */ = {isa = PBXFileReference; name = "IONAssetHandler.m"; path = "cordova-plugin-ionic-webview/IONAssetHandler.m"; sourceTree = "<group>"; fileEncoding = 4; lastKnownFileType = sourcecode.c.objc; explicitFileType = undefined; includeInIndex = 0; };
		CF32BB3AA29F4EF6B8E1034D /* CDVWKWebViewEngine.h */ = {isa = PBXFileReference; name = "CDVWKWebViewEngine.h"; path = "cordova-plugin-ionic-webview/CDVWKWebViewEngine.h"; sourceTree = "<group>"; fileEncoding = 4; lastKnownFileType = sourcecode.c.h; explicitFileType = undefined; includeInIndex = 0; };
		B63FF62031A14DB8807C7036 /* CDVWKWebViewUIDelegate.h */ = {isa = PBXFileReference; name = "CDVWKWebViewUIDelegate.h"; path = "cordova-plugin-ionic-webview/CDVWKWebViewUIDelegate.h"; sourceTree = "<group>"; fileEncoding = 4; lastKnownFileType = sourcecode.c.h; explicitFileType = undefined; includeInIndex = 0; };
		E13CE634D54449F1B43AEBEA /* CDVWKProcessPoolFactory.h */ = {isa = PBXFileReference; name = "CDVWKProcessPoolFactory.h"; path = "cordova-plugin-ionic-webview/CDVWKProcessPoolFactory.h"; sourceTree = "<group>"; fileEncoding = 4; lastKnownFileType = sourcecode.c.h; explicitFileType = undefined; includeInIndex = 0; };
		22FE3346AB464670A5D18E4A /* IONAssetHandler.h */ = {isa = PBXFileReference; name = "IONAssetHandler.h"; path = "cordova-plugin-ionic-webview/IONAssetHandler.h"; sourceTree = "<group>"; fileEncoding = 4; lastKnownFileType = sourcecode.c.h; explicitFileType = undefined; includeInIndex = 0; };
		FA19CDEC5C634FD3B5336397 /* WebKit.framework */ = {isa = PBXFileReference; name = "WebKit.framework"; path = "System/Library/Frameworks/WebKit.framework"; sourceTree = SDKROOT; fileEncoding = undefined; lastKnownFileType = wrapper.framework; explicitFileType = undefined; includeInIndex = 0; };
		86E80C145F7C490E9941ADFE /* APPLocalNotification.m */ = {isa = PBXFileReference; name = "APPLocalNotification.m"; path = "cordova-plugin-local-notification/APPLocalNotification.m"; sourceTree = "<group>"; fileEncoding = 4; lastKnownFileType = sourcecode.c.objc; explicitFileType = undefined; includeInIndex = 0; };
		5798C8E0E6EC40209857B4E2 /* APPNotificationContent.m */ = {isa = PBXFileReference; name = "APPNotificationContent.m"; path = "cordova-plugin-local-notification/APPNotificationContent.m"; sourceTree = "<group>"; fileEncoding = 4; lastKnownFileType = sourcecode.c.objc; explicitFileType = undefined; includeInIndex = 0; };
		EFDBA87D9DCF43FE9DEA4162 /* APPNotificationOptions.m */ = {isa = PBXFileReference; name = "APPNotificationOptions.m"; path = "cordova-plugin-local-notification/APPNotificationOptions.m"; sourceTree = "<group>"; fileEncoding = 4; lastKnownFileType = sourcecode.c.objc; explicitFileType = undefined; includeInIndex = 0; };
		A47891CC7F064854B7B12171 /* UNUserNotificationCenter+APPLocalNotification.m */ = {isa = PBXFileReference; name = "UNUserNotificationCenter+APPLocalNotification.m"; path = "cordova-plugin-local-notification/UNUserNotificationCenter+APPLocalNotification.m"; sourceTree = "<group>"; fileEncoding = 4; lastKnownFileType = sourcecode.c.objc; explicitFileType = undefined; includeInIndex = 0; };
		334A3F90AEB6459BA1E095B3 /* UNNotificationRequest+APPLocalNotification.m */ = {isa = PBXFileReference; name = "UNNotificationRequest+APPLocalNotification.m"; path = "cordova-plugin-local-notification/UNNotificationRequest+APPLocalNotification.m"; sourceTree = "<group>"; fileEncoding = 4; lastKnownFileType = sourcecode.c.objc; explicitFileType = undefined; includeInIndex = 0; };
		57D1919E19104B5EAD3DC1E5 /* APPLocalNotification.h */ = {isa = PBXFileReference; name = "APPLocalNotification.h"; path = "cordova-plugin-local-notification/APPLocalNotification.h"; sourceTree = "<group>"; fileEncoding = 4; lastKnownFileType = sourcecode.c.h; explicitFileType = undefined; includeInIndex = 0; };
		102797F87A66449CA730A071 /* APPNotificationContent.h */ = {isa = PBXFileReference; name = "APPNotificationContent.h"; path = "cordova-plugin-local-notification/APPNotificationContent.h"; sourceTree = "<group>"; fileEncoding = 4; lastKnownFileType = sourcecode.c.h; explicitFileType = undefined; includeInIndex = 0; };
		069EF87D5BD04DFDB94E09F1 /* APPNotificationOptions.h */ = {isa = PBXFileReference; name = "APPNotificationOptions.h"; path = "cordova-plugin-local-notification/APPNotificationOptions.h"; sourceTree = "<group>"; fileEncoding = 4; lastKnownFileType = sourcecode.c.h; explicitFileType = undefined; includeInIndex = 0; };
		E17C7B50D255403C9BDE722C /* UNUserNotificationCenter+APPLocalNotification.h */ = {isa = PBXFileReference; name = "UNUserNotificationCenter+APPLocalNotification.h"; path = "cordova-plugin-local-notification/UNUserNotificationCenter+APPLocalNotification.h"; sourceTree = "<group>"; fileEncoding = 4; lastKnownFileType = sourcecode.c.h; explicitFileType = undefined; includeInIndex = 0; };
		010227A806244E5FB5D0969C /* UNNotificationRequest+APPLocalNotification.h */ = {isa = PBXFileReference; name = "UNNotificationRequest+APPLocalNotification.h"; path = "cordova-plugin-local-notification/UNNotificationRequest+APPLocalNotification.h"; sourceTree = "<group>"; fileEncoding = 4; lastKnownFileType = sourcecode.c.h; explicitFileType = undefined; includeInIndex = 0; };
		9B912C1F377D44E38C757AC8 /* UserNotifications.framework */ = {isa = PBXFileReference; name = "UserNotifications.framework"; path = "System/Library/Frameworks/UserNotifications.framework"; sourceTree = SDKROOT; fileEncoding = undefined; lastKnownFileType = wrapper.framework; explicitFileType = undefined; includeInIndex = 0; };
		5553933A163B45D1A3B2E290 /* NativeGeocoder.swift */ = {isa = PBXFileReference; name = "NativeGeocoder.swift"; path = "cordova-plugin-nativegeocoder/NativeGeocoder.swift"; sourceTree = "<group>"; fileEncoding = 4; lastKnownFileType = sourcecode.swift; explicitFileType = undefined; includeInIndex = 0; };
		7486369AD9CD49A28019BB06 /* NativeGeocoder-Bridging-Header.h */ = {isa = PBXFileReference; name = "NativeGeocoder-Bridging-Header.h"; path = "cordova-plugin-nativegeocoder/NativeGeocoder-Bridging-Header.h"; sourceTree = "<group>"; fileEncoding = 4; lastKnownFileType = sourcecode.c.h; explicitFileType = undefined; includeInIndex = 0; };
		7679027E489842E3AB0270A8 /* CDVConnection.m */ = {isa = PBXFileReference; name = "CDVConnection.m"; path = "cordova-plugin-network-information/CDVConnection.m"; sourceTree = "<group>"; fileEncoding = 4; lastKnownFileType = sourcecode.c.objc; explicitFileType = undefined; includeInIndex = 0; };
		F5B38289800A421C9044EF95 /* CDVReachability.m */ = {isa = PBXFileReference; name = "CDVReachability.m"; path = "cordova-plugin-network-information/CDVReachability.m"; sourceTree = "<group>"; fileEncoding = 4; lastKnownFileType = sourcecode.c.objc; explicitFileType = undefined; includeInIndex = 0; };
		A89BD36AA48C490BAF8896C9 /* CDVConnection.h */ = {isa = PBXFileReference; name = "CDVConnection.h"; path = "cordova-plugin-network-information/CDVConnection.h"; sourceTree = "<group>"; fileEncoding = 4; lastKnownFileType = sourcecode.c.h; explicitFileType = undefined; includeInIndex = 0; };
		B23FE314EE5B4C7BA3B913C3 /* CDVReachability.h */ = {isa = PBXFileReference; name = "CDVReachability.h"; path = "cordova-plugin-network-information/CDVReachability.h"; sourceTree = "<group>"; fileEncoding = 4; lastKnownFileType = sourcecode.c.h; explicitFileType = undefined; includeInIndex = 0; };
		ED22CE1F09AD46B095144935 /* CoreTelephony.framework */ = {isa = PBXFileReference; name = "CoreTelephony.framework"; path = "System/Library/Frameworks/CoreTelephony.framework"; sourceTree = SDKROOT; fileEncoding = undefined; lastKnownFileType = wrapper.framework; explicitFileType = undefined; includeInIndex = 0; };
		A1D5F2B4AA234D8F86CCA906 /* RequestLocationAccuracy.m */ = {isa = PBXFileReference; name = "RequestLocationAccuracy.m"; path = "cordova-plugin-request-location-accuracy/RequestLocationAccuracy.m"; sourceTree = "<group>"; fileEncoding = 4; lastKnownFileType = sourcecode.c.objc; explicitFileType = undefined; includeInIndex = 0; };
		180974ADBC5449C684807691 /* RequestLocationAccuracy.h */ = {isa = PBXFileReference; name = "RequestLocationAccuracy.h"; path = "cordova-plugin-request-location-accuracy/RequestLocationAccuracy.h"; sourceTree = "<group>"; fileEncoding = 4; lastKnownFileType = sourcecode.c.h; explicitFileType = undefined; includeInIndex = 0; };
		AD45F9DAEE0043F9BCEF6A72 /* CDVSplashScreen.m */ = {isa = PBXFileReference; name = "CDVSplashScreen.m"; path = "cordova-plugin-splashscreen/CDVSplashScreen.m"; sourceTree = "<group>"; fileEncoding = 4; lastKnownFileType = sourcecode.c.objc; explicitFileType = undefined; includeInIndex = 0; };
		28EB3ED4B8764462BDBB5DBF /* CDVViewController+SplashScreen.m */ = {isa = PBXFileReference; name = "CDVViewController+SplashScreen.m"; path = "cordova-plugin-splashscreen/CDVViewController+SplashScreen.m"; sourceTree = "<group>"; fileEncoding = 4; lastKnownFileType = sourcecode.c.objc; explicitFileType = undefined; includeInIndex = 0; };
		89AE2A4F8E924359B304950C /* CDVSplashScreen.h */ = {isa = PBXFileReference; name = "CDVSplashScreen.h"; path = "cordova-plugin-splashscreen/CDVSplashScreen.h"; sourceTree = "<group>"; fileEncoding = 4; lastKnownFileType = sourcecode.c.h; explicitFileType = undefined; includeInIndex = 0; };
		578F1ED20BC74707B30F3F68 /* CDVViewController+SplashScreen.h */ = {isa = PBXFileReference; name = "CDVViewController+SplashScreen.h"; path = "cordova-plugin-splashscreen/CDVViewController+SplashScreen.h"; sourceTree = "<group>"; fileEncoding = 4; lastKnownFileType = sourcecode.c.h; explicitFileType = undefined; includeInIndex = 0; };
		0136A7DE108945DCAE2F3A2E /* CDVStatusBar.m */ = {isa = PBXFileReference; name = "CDVStatusBar.m"; path = "cordova-plugin-statusbar/CDVStatusBar.m"; sourceTree = "<group>"; fileEncoding = 4; lastKnownFileType = sourcecode.c.objc; explicitFileType = undefined; includeInIndex = 0; };
		801DF5F9178A4439A3826210 /* CDVStatusBar.h */ = {isa = PBXFileReference; name = "CDVStatusBar.h"; path = "cordova-plugin-statusbar/CDVStatusBar.h"; sourceTree = "<group>"; fileEncoding = 4; lastKnownFileType = sourcecode.c.h; explicitFileType = undefined; includeInIndex = 0; };
		9136E2C4AE294A56B8098A54 /* ActionSheet.m */ = {isa = PBXFileReference; name = "ActionSheet.m"; path = "cordova-plugin-actionsheet/ActionSheet.m"; sourceTree = "<group>"; fileEncoding = 4; lastKnownFileType = sourcecode.c.objc; explicitFileType = undefined; includeInIndex = 0; };
		1A91D912219742A7BD08A52B /* ActionSheet.h */ = {isa = PBXFileReference; name = "ActionSheet.h"; path = "cordova-plugin-actionsheet/ActionSheet.h"; sourceTree = "<group>"; fileEncoding = 4; lastKnownFileType = sourcecode.c.h; explicitFileType = undefined; includeInIndex = 0; };
		9CF270E555714D7FBB3A0D32 /* CDVNotification.m */ = {isa = PBXFileReference; name = "CDVNotification.m"; path = "cordova-plugin-dialogs/CDVNotification.m"; sourceTree = "<group>"; fileEncoding = 4; lastKnownFileType = sourcecode.c.objc; explicitFileType = undefined; includeInIndex = 0; };
		84D007A5AB2D49818FF1A517 /* CDVNotification.h */ = {isa = PBXFileReference; name = "CDVNotification.h"; path = "cordova-plugin-dialogs/CDVNotification.h"; sourceTree = "<group>"; fileEncoding = 4; lastKnownFileType = sourcecode.c.h; explicitFileType = undefined; includeInIndex = 0; };
		9F913B5B7FA74619889BB4BD /* CDVNotification.bundle */ = {isa = PBXFileReference; name = "CDVNotification.bundle"; path = "CDVNotification.bundle"; sourceTree = "<group>"; fileEncoding = undefined; lastKnownFileType = wrapper.plug-in; explicitFileType = undefined; includeInIndex = 0; };
		7779E3F396F949C9B50A05A9 /* AudioToolbox.framework */ = {isa = PBXFileReference; name = "AudioToolbox.framework"; path = "System/Library/Frameworks/AudioToolbox.framework"; sourceTree = SDKROOT; fileEncoding = undefined; lastKnownFileType = wrapper.framework; explicitFileType = undefined; includeInIndex = 0; };
		B11EF257464E4D56BC02C9AE /* LaunchNavigatorPlugin.m */ = {isa = PBXFileReference; name = "LaunchNavigatorPlugin.m"; path = "uk.co.workingedge.phonegap.plugin.launchnavigator/LaunchNavigatorPlugin.m"; sourceTree = "<group>"; fileEncoding = 4; lastKnownFileType = sourcecode.c.objc; explicitFileType = undefined; includeInIndex = 0; };
		FBEC6A93E6B744D9A65CA1E0 /* WE_CordovaLogger.m */ = {isa = PBXFileReference; name = "WE_CordovaLogger.m"; path = "uk.co.workingedge.phonegap.plugin.launchnavigator/WE_CordovaLogger.m"; sourceTree = "<group>"; fileEncoding = 4; lastKnownFileType = sourcecode.c.objc; explicitFileType = undefined; includeInIndex = 0; };
		CF36F867B4364D619D9FC330 /* LN_LaunchNavigator.m */ = {isa = PBXFileReference; name = "LN_LaunchNavigator.m"; path = "uk.co.workingedge.phonegap.plugin.launchnavigator/LN_LaunchNavigator.m"; sourceTree = "<group>"; fileEncoding = 4; lastKnownFileType = sourcecode.c.objc; explicitFileType = undefined; includeInIndex = 0; };
		39350193DA9C494BACD06B72 /* LN_Reachability.m */ = {isa = PBXFileReference; name = "LN_Reachability.m"; path = "uk.co.workingedge.phonegap.plugin.launchnavigator/LN_Reachability.m"; sourceTree = "<group>"; fileEncoding = 4; lastKnownFileType = sourcecode.c.objc; explicitFileType = undefined; includeInIndex = 0; };
		C6CF741D8D8F4A609B3DC322 /* WE_Logger.m */ = {isa = PBXFileReference; name = "WE_Logger.m"; path = "uk.co.workingedge.phonegap.plugin.launchnavigator/WE_Logger.m"; sourceTree = "<group>"; fileEncoding = 4; lastKnownFileType = sourcecode.c.objc; explicitFileType = undefined; includeInIndex = 0; };
		D615CB8DE2E241E2BF4C560F /* LaunchNavigatorPlugin.h */ = {isa = PBXFileReference; name = "LaunchNavigatorPlugin.h"; path = "uk.co.workingedge.phonegap.plugin.launchnavigator/LaunchNavigatorPlugin.h"; sourceTree = "<group>"; fileEncoding = 4; lastKnownFileType = sourcecode.c.h; explicitFileType = undefined; includeInIndex = 0; };
		C16E8265D1414243B21FAEBF /* WE_CordovaLogger.h */ = {isa = PBXFileReference; name = "WE_CordovaLogger.h"; path = "uk.co.workingedge.phonegap.plugin.launchnavigator/WE_CordovaLogger.h"; sourceTree = "<group>"; fileEncoding = 4; lastKnownFileType = sourcecode.c.h; explicitFileType = undefined; includeInIndex = 0; };
		605BC178645B4903B1B7E819 /* LN_LaunchNavigator.h */ = {isa = PBXFileReference; name = "LN_LaunchNavigator.h"; path = "uk.co.workingedge.phonegap.plugin.launchnavigator/LN_LaunchNavigator.h"; sourceTree = "<group>"; fileEncoding = 4; lastKnownFileType = sourcecode.c.h; explicitFileType = undefined; includeInIndex = 0; };
		DA03DBCDFB39414E91791638 /* LN_Reachability.h */ = {isa = PBXFileReference; name = "LN_Reachability.h"; path = "uk.co.workingedge.phonegap.plugin.launchnavigator/LN_Reachability.h"; sourceTree = "<group>"; fileEncoding = 4; lastKnownFileType = sourcecode.c.h; explicitFileType = undefined; includeInIndex = 0; };
		98598BDC0EE94A65BC47B0E3 /* WE_Logger.h */ = {isa = PBXFileReference; name = "WE_Logger.h"; path = "uk.co.workingedge.phonegap.plugin.launchnavigator/WE_Logger.h"; sourceTree = "<group>"; fileEncoding = 4; lastKnownFileType = sourcecode.c.h; explicitFileType = undefined; includeInIndex = 0; };
		81124AFD97E74C88854CFECA /* MapKit.framework */ = {isa = PBXFileReference; name = "MapKit.framework"; path = "System/Library/Frameworks/MapKit.framework"; sourceTree = SDKROOT; fileEncoding = undefined; lastKnownFileType = wrapper.framework; explicitFileType = undefined; includeInIndex = 0; };
/* End PBXFileReference section */

/* Begin PBXFrameworksBuildPhase section */
		1D60588F0D05DD3D006BFB54 /* Frameworks */ = {
			isa = PBXFrameworksBuildPhase;
			buildActionMask = 2147483647;
			files = (
				301BF552109A68D80062928A /* libCordova.a in Frameworks */,
				57D9E757CCA747E5B9336989 /* Security.framework in Frameworks */,
				6468638DF60D4424B3D5FAAB /* SystemConfiguration.framework in Frameworks */,
				49786A4475A6402BA329F95F /* ImageIO.framework in Frameworks */,
				369CF6DC8968493D948670BA /* CoreLocation.framework in Frameworks */,
				75A8A234D9474625A94078A0 /* AVFoundation.framework in Frameworks */,
				DB3BAAE5EEEA43C7881AAD9E /* WebKit.framework in Frameworks */,
				F7E88A40D2514FACB0902824 /* UserNotifications.framework in Frameworks */,
				2C4C26DE82CE4835814265FE /* CoreTelephony.framework in Frameworks */,
				ED779E509213466C99B80E36 /* AudioToolbox.framework in Frameworks */,
				B78F6DFC993146BF9DEB52EE /* MapKit.framework in Frameworks */,
			);
			runOnlyForDeploymentPostprocessing = 0;
		};
/* End PBXFrameworksBuildPhase section */

/* Begin PBXGroup section */
		080E96DDFE201D6D7F000001 /* Classes */ = {
			isa = PBXGroup;
			children = (
				302D95EE14D2391D003F00A1 /* MainViewController.h */,
				302D95EF14D2391D003F00A1 /* MainViewController.m */,
				302D95F014D2391D003F00A1 /* MainViewController.xib */,
				1D3623240D0F684500981E51 /* AppDelegate.h */,
				1D3623250D0F684500981E51 /* AppDelegate.m */,
			);
			name = Classes;
			path = "Mi familia app/Classes";
			sourceTree = SOURCE_ROOT;
		};
		19C28FACFE9D520D11CA2CBB /* Products */ = {
			isa = PBXGroup;
			children = (
				1D6058910D05DD3D006BFB54 /* Mi familia app.app */,
			);
			name = Products;
			sourceTree = "<group>";
		};
		29B97314FDCFA39411CA2CEA /* CustomTemplate */ = {
			isa = PBXGroup;
			children = (
				EB87FDF41871DAF40020F90C /* config.xml */,
				EB87FDF31871DA8E0020F90C /* www */,
				EB87FDF11871DA420020F90C /* Staging */,
				301BF52D109A57CC0062928A /* CordovaLib.xcodeproj */,
				080E96DDFE201D6D7F000001 /* Classes */,
				307C750510C5A3420062BCA9 /* Plugins */,
				29B97315FDCFA39411CA2CEA /* Other Sources */,
				29B97317FDCFA39411CA2CEA /* Resources */,
				29B97323FDCFA39411CA2CEA /* Frameworks */,
				19C28FACFE9D520D11CA2CBB /* Products */,
			);
			name = CustomTemplate;
			sourceTree = "<group>";
		};
		29B97315FDCFA39411CA2CEA /* Other Sources */ = {
			isa = PBXGroup;
			children = (
				32CA4F630368D1EE00C91783 /* Mi familia app-Prefix.pch */,
				29B97316FDCFA39411CA2CEA /* main.m */,
				ED33DF2A687741AEAF9F8254 /* Bridging-Header.h */,
			);
			name = "Other Sources";
			path = "Mi familia app";
			sourceTree = "<group>";
		};
		29B97317FDCFA39411CA2CEA /* Resources */ = {
			isa = PBXGroup;
			children = (
				0207DA571B56EA530066E2B4 /* Images.xcassets */,
				3047A50E1AB8057F00498E2A /* config */,
				8D1107310486CEB800E47090 /* Mi familia app-Info.plist */,
				6AFF5BF81D6E424B00AB3073 /* CDVLaunchScreen.storyboard */,
				23ABD118CE234289AD03197E /* appbeep.wav */,
				9F913B5B7FA74619889BB4BD /* CDVNotification.bundle */,
			);
			name = Resources;
			path = "Mi familia app/Resources";
			sourceTree = "<group>";
		};
		29B97323FDCFA39411CA2CEA /* Frameworks */ = {
			isa = PBXGroup;
			children = (
				26A9AB05EF414DB7B681AC3F /* Security.framework */,
				738B35C06EA54B879FF4ED3A /* SystemConfiguration.framework */,
				3B601BAFD78E4B9FB530D20E /* ImageIO.framework */,
				3276AAEE0CDB4D2B9C601ACC /* CoreLocation.framework */,
				C43E5266C2034CF2A1E111BD /* AVFoundation.framework */,
				FA19CDEC5C634FD3B5336397 /* WebKit.framework */,
				9B912C1F377D44E38C757AC8 /* UserNotifications.framework */,
				ED22CE1F09AD46B095144935 /* CoreTelephony.framework */,
				7779E3F396F949C9B50A05A9 /* AudioToolbox.framework */,
				81124AFD97E74C88854CFECA /* MapKit.framework */,
			);
			name = Frameworks;
			sourceTree = "<group>";
		};
		301BF52E109A57CC0062928A /* Products */ = {
			isa = PBXGroup;
			children = (
				301BF535109A57CC0062928A /* libCordova.a */,
				907D8124214C687600058A10 /* Cordova.framework */,
			);
			name = Products;
			sourceTree = "<group>";
		};
		3047A50E1AB8057F00498E2A /* config */ = {
			isa = PBXGroup;
			children = (
				3047A50F1AB8059700498E2A /* build-debug.xcconfig */,
				3047A5101AB8059700498E2A /* build-release.xcconfig */,
				3047A5111AB8059700498E2A /* build.xcconfig */,
			);
			name = config;
			sourceTree = "<group>";
		};
		307C750510C5A3420062BCA9 /* Plugins */ = {
			isa = PBXGroup;
			children = (
				CA8C8B4467224F72BD9B2C61 /* CDVFile.m */,
				5CA5B9CA92624563A5E110BA /* CDVLocalFilesystem.m */,
				CDAFAF124D0843CB9C8E995B /* CDVAssetLibraryFilesystem.m */,
				34B56EBC4A124429BFFD391F /* CDVFile.h */,
				08B33E7CC63C4A3FBC6E6F25 /* CDVLocalFilesystem.h */,
				D62F366BEA2C41C189863CF1 /* CDVAssetLibraryFilesystem.h */,
				AFBC626C725A46E9935E4D78 /* CordovaHttpPlugin.m */,
				0232B2A7B0354127A68B4896 /* BinaryRequestSerializer.m */,
				E670C6BDE1AE42F59D5DC433 /* BinaryResponseSerializer.m */,
				A9998D6DC0CD4043851CB12B /* TextResponseSerializer.m */,
				2C73578B31654FC4A4EF3213 /* TextRequestSerializer.m */,
				AEFFA8326F554C3DB8128C19 /* AFHTTPSessionManager.m */,
				A652E867C2ED465C95013287 /* AFNetworkReachabilityManager.m */,
				458BA08EEC434642913F118D /* AFSecurityPolicy.m */,
				EBC8840C43C6404B85EC5882 /* AFURLRequestSerialization.m */,
				5D330823159A4D0C81DC751B /* AFURLResponseSerialization.m */,
				4896ADCC49264592A178647F /* AFURLSessionManager.m */,
				6F5B348571A64982B161A76C /* SDNetworkActivityIndicator.m */,
				F005D3E1E98F41FFB7617200 /* CordovaHttpPlugin.h */,
				AB5074C37F404E13A47CC4E2 /* BinaryRequestSerializer.h */,
				26A4263903004203B9351173 /* BinaryResponseSerializer.h */,
				5274CAC90107486598381BE0 /* TextResponseSerializer.h */,
				C6C0F164C7064E29A30764B4 /* TextRequestSerializer.h */,
				87EF993BDE454EB794FDB6C0 /* AFHTTPSessionManager.h */,
				2011425874F74772BDD57346 /* AFNetworking.h */,
				5BEC0ECCDFF547AA9A2020A7 /* AFNetworkReachabilityManager.h */,
				B31B9F33C6E148CDBFDC07C5 /* AFSecurityPolicy.h */,
				952FB3D97D5B4A1F9164EE7F /* AFURLRequestSerialization.h */,
				AC706D22AD1842C495DC6BAF /* AFURLResponseSerialization.h */,
				50518FEDDB1F49A682A627D2 /* AFURLSessionManager.h */,
				D5E3C414C18F4EAAAF8AF85B /* SDNetworkActivityIndicator.h */,
				D091A0F1746F48E78E9FD41E /* AppVersion.m */,
				4B7DF9C7949E43A0B18BF1DF /* AppVersion.h */,
				964D8D0021B049298C98030C /* CDVDevice.m */,
				D1AFF2337FA04442A8B252E5 /* CDVDevice.h */,
				B4D35A91B378452DBEFD92FC /* APPBackgroundMode.m */,
				BC8631DE3DA24FE78EE3913A /* APPMethodMagic.m */,
				C7BB925F3EAF430793AF3391 /* APPBackgroundMode.h */,
				96BE0969685842C481E9B49E /* APPMethodMagic.h */,
				ED9A727F06E04CA6941E41DE /* APPBadge.m */,
				ECE2677427344586AEB00C17 /* APPBadge.h */,
				41A7E020F2FB47E3A98750F0 /* UIImage+CropScaleOrientation.m */,
				06AE41EE3A8744FD8CE22EB2 /* CDVCamera.m */,
				00B6A9B2F09E437795B6995F /* CDVJpegHeaderWriter.m */,
				FEC7A82C49484BAEB9204DA9 /* UIImage+CropScaleOrientation.h */,
				9C08C12861ED4E91A180D378 /* CDVCamera.h */,
				02C4DE4BBB094F8B8357A00C /* CDVJpegHeaderWriter.h */,
				F5FDC7FA264248F0BF15046C /* CDVExif.h */,
				C468A0D7E642405F85583B80 /* CDVLocation.m */,
				10D3BB2A01394E7E9F2B8EDB /* CDVLocation.h */,
				819A70D4CFC64F79A72AC6B3 /* CDVInAppBrowserOptions.m */,
				651AFBCC88D24F9885A73429 /* CDVInAppBrowserNavigationController.m */,
				D3DBB60AD8BC4399ACBD5076 /* CDVWKInAppBrowser.m */,
				BD27BF30CD5546848F298496 /* CDVWKInAppBrowserUIDelegate.m */,
				3A4D77A89B93418BBCA5005F /* CDVInAppBrowserOptions.h */,
				C6406200E9E74B5F9F2083AC /* CDVInAppBrowserNavigationController.h */,
				41C3B90BD17D419088BA7FCD /* CDVWKInAppBrowser.h */,
				875BF359E6634E8DBD0D9A69 /* CDVWKInAppBrowserUIDelegate.h */,
				F5813947D5BE4F2C9FC5C100 /* CDVIonicKeyboard.m */,
				23EFEB82B71A41ACA63190DF /* CDVIonicKeyboard.h */,
				0037381D7DAB4ED9A1A2DFFB /* CDVWKWebViewEngine.m */,
				C67896D024D74600B7298513 /* CDVWKWebViewUIDelegate.m */,
				89D5F3A85165411FB875EF6A /* CDVWKProcessPoolFactory.m */,
				9EC88747EA7D40748987E3D0 /* IONAssetHandler.m */,
				CF32BB3AA29F4EF6B8E1034D /* CDVWKWebViewEngine.h */,
				B63FF62031A14DB8807C7036 /* CDVWKWebViewUIDelegate.h */,
				E13CE634D54449F1B43AEBEA /* CDVWKProcessPoolFactory.h */,
				22FE3346AB464670A5D18E4A /* IONAssetHandler.h */,
				86E80C145F7C490E9941ADFE /* APPLocalNotification.m */,
				5798C8E0E6EC40209857B4E2 /* APPNotificationContent.m */,
				EFDBA87D9DCF43FE9DEA4162 /* APPNotificationOptions.m */,
				A47891CC7F064854B7B12171 /* UNUserNotificationCenter+APPLocalNotification.m */,
				334A3F90AEB6459BA1E095B3 /* UNNotificationRequest+APPLocalNotification.m */,
				57D1919E19104B5EAD3DC1E5 /* APPLocalNotification.h */,
				102797F87A66449CA730A071 /* APPNotificationContent.h */,
				069EF87D5BD04DFDB94E09F1 /* APPNotificationOptions.h */,
				E17C7B50D255403C9BDE722C /* UNUserNotificationCenter+APPLocalNotification.h */,
				010227A806244E5FB5D0969C /* UNNotificationRequest+APPLocalNotification.h */,
				5553933A163B45D1A3B2E290 /* NativeGeocoder.swift */,
				7486369AD9CD49A28019BB06 /* NativeGeocoder-Bridging-Header.h */,
				7679027E489842E3AB0270A8 /* CDVConnection.m */,
				F5B38289800A421C9044EF95 /* CDVReachability.m */,
				A89BD36AA48C490BAF8896C9 /* CDVConnection.h */,
				B23FE314EE5B4C7BA3B913C3 /* CDVReachability.h */,
				A1D5F2B4AA234D8F86CCA906 /* RequestLocationAccuracy.m */,
				180974ADBC5449C684807691 /* RequestLocationAccuracy.h */,
				AD45F9DAEE0043F9BCEF6A72 /* CDVSplashScreen.m */,
				28EB3ED4B8764462BDBB5DBF /* CDVViewController+SplashScreen.m */,
				89AE2A4F8E924359B304950C /* CDVSplashScreen.h */,
				578F1ED20BC74707B30F3F68 /* CDVViewController+SplashScreen.h */,
				0136A7DE108945DCAE2F3A2E /* CDVStatusBar.m */,
				801DF5F9178A4439A3826210 /* CDVStatusBar.h */,
				9136E2C4AE294A56B8098A54 /* ActionSheet.m */,
				1A91D912219742A7BD08A52B /* ActionSheet.h */,
				9CF270E555714D7FBB3A0D32 /* CDVNotification.m */,
				84D007A5AB2D49818FF1A517 /* CDVNotification.h */,
				B11EF257464E4D56BC02C9AE /* LaunchNavigatorPlugin.m */,
				FBEC6A93E6B744D9A65CA1E0 /* WE_CordovaLogger.m */,
				CF36F867B4364D619D9FC330 /* LN_LaunchNavigator.m */,
				39350193DA9C494BACD06B72 /* LN_Reachability.m */,
				C6CF741D8D8F4A609B3DC322 /* WE_Logger.m */,
				D615CB8DE2E241E2BF4C560F /* LaunchNavigatorPlugin.h */,
				C16E8265D1414243B21FAEBF /* WE_CordovaLogger.h */,
				605BC178645B4903B1B7E819 /* LN_LaunchNavigator.h */,
				DA03DBCDFB39414E91791638 /* LN_Reachability.h */,
				98598BDC0EE94A65BC47B0E3 /* WE_Logger.h */,
			);
			name = Plugins;
			path = "Mi familia app/Plugins";
			sourceTree = SOURCE_ROOT;
		};
		EB87FDF11871DA420020F90C /* Staging */ = {
			isa = PBXGroup;
			children = (
				F840E1F0165FE0F500CFE078 /* config.xml */,
				301BF56E109A69640062928A /* www */,
			);
			name = Staging;
			sourceTree = "<group>";
		};
/* End PBXGroup section */

/* Begin PBXNativeTarget section */
		1D6058900D05DD3D006BFB54 /* Mi familia app */ = {
			isa = PBXNativeTarget;
			buildConfigurationList = 1D6058960D05DD3E006BFB54 /* Build configuration list for PBXNativeTarget "Mi familia app" */;
			buildPhases = (
				304B58A110DAC018002A0835 /* Copy www directory */,
				1D60588D0D05DD3D006BFB54 /* Resources */,
				1D60588E0D05DD3D006BFB54 /* Sources */,
				1D60588F0D05DD3D006BFB54 /* Frameworks */,
			);
			buildRules = (
			);
			dependencies = (
				301BF551109A68C00062928A /* PBXTargetDependency */,
			);
			name = "Mi familia app";
			productName = "Mi familia app";
			productReference = 1D6058910D05DD3D006BFB54 /* Mi familia app.app */;
			productType = "com.apple.product-type.application";
		};
/* End PBXNativeTarget section */

/* Begin PBXProject section */
		29B97313FDCFA39411CA2CEA /* Project object */ = {
			isa = PBXProject;
			attributes = {
				LastUpgradeCheck = 510;
				TargetAttributes = {
					1D6058900D05DD3D006BFB54 = {
						ProvisioningStyle = Automatic;
					};
				};
			};
			buildConfigurationList = C01FCF4E08A954540054247B /* Build configuration list for PBXProject "Mi familia app" */;
			compatibilityVersion = "Xcode 3.2";
			developmentRegion = English;
			hasScannedForEncodings = 1;
			mainGroup = 29B97314FDCFA39411CA2CEA /* CustomTemplate */;
			projectDirPath = "";
			projectReferences = (
				{
					ProductGroup = 301BF52E109A57CC0062928A /* Products */;
					ProjectRef = 301BF52D109A57CC0062928A /* CordovaLib.xcodeproj */;
				},
			);
			projectRoot = "";
			targets = (
				1D6058900D05DD3D006BFB54 /* Mi familia app */,
			);
		};
/* End PBXProject section */

/* Begin PBXReferenceProxy section */
		301BF535109A57CC0062928A /* libCordova.a */ = {
			isa = PBXReferenceProxy;
			fileType = archive.ar;
			path = libCordova.a;
			remoteRef = 301BF534109A57CC0062928A /* PBXContainerItemProxy */;
			sourceTree = BUILT_PRODUCTS_DIR;
		};
		907D8124214C687600058A10 /* Cordova.framework */ = {
			isa = PBXReferenceProxy;
			fileType = wrapper.framework;
			path = Cordova.framework;
			remoteRef = 907D8123214C687600058A10 /* PBXContainerItemProxy */;
			sourceTree = BUILT_PRODUCTS_DIR;
		};
/* End PBXReferenceProxy section */

/* Begin PBXResourcesBuildPhase section */
		1D60588D0D05DD3D006BFB54 /* Resources */ = {
			isa = PBXResourcesBuildPhase;
			buildActionMask = 2147483647;
			files = (
				302D95F214D2391D003F00A1 /* MainViewController.xib in Resources */,
				0207DA581B56EA530066E2B4 /* Images.xcassets in Resources */,
				6AFF5BF91D6E424B00AB3073 /* CDVLaunchScreen.storyboard in Resources */,
				BA93448201C144128F3DF129 /* appbeep.wav in Resources */,
				5F7DBDC8AE2A48A5A7C56B69 /* CDVNotification.bundle in Resources */,
			);
			runOnlyForDeploymentPostprocessing = 0;
		};
/* End PBXResourcesBuildPhase section */

/* Begin PBXShellScriptBuildPhase section */
		304B58A110DAC018002A0835 /* Copy www directory */ = {
			isa = PBXShellScriptBuildPhase;
			buildActionMask = 2147483647;
			files = (
			);
			inputPaths = (
			);
			name = "Copy www directory";
			outputPaths = (
			);
			runOnlyForDeploymentPostprocessing = 0;
			shellPath = /bin/sh;
			shellScript = "\"$SRCROOT/Mi familia app/Scripts/copy-www-build-step.sh\"";
			showEnvVarsInLog = 0;
		};
/* End PBXShellScriptBuildPhase section */

/* Begin PBXSourcesBuildPhase section */
		1D60588E0D05DD3D006BFB54 /* Sources */ = {
			isa = PBXSourcesBuildPhase;
			buildActionMask = 2147483647;
			files = (
				1D60589B0D05DD56006BFB54 /* main.m in Sources */,
				1D3623260D0F684500981E51 /* AppDelegate.m in Sources */,
				302D95F114D2391D003F00A1 /* MainViewController.m in Sources */,
				01695BE8BF3D408591461493 /* CDVFile.m in Sources */,
				6706D9E94C974836BD88ECF7 /* CDVLocalFilesystem.m in Sources */,
				91DDFA155BAE4B8683A945F9 /* CDVAssetLibraryFilesystem.m in Sources */,
				DF8EB97FAA944E9DB1D2854D /* CordovaHttpPlugin.m in Sources */,
				B44FF00E6FD746C3858C3EF2 /* BinaryRequestSerializer.m in Sources */,
				687D53C5E28646CE9BAD9AAA /* BinaryResponseSerializer.m in Sources */,
				FD3A8ABD7E1D47D0BD90EFF6 /* TextResponseSerializer.m in Sources */,
				276918862FF344F9BA4A82BB /* TextRequestSerializer.m in Sources */,
				EF15DABF726141A6B84679E6 /* AFHTTPSessionManager.m in Sources */,
				2B85E1A7974C4540AE73C432 /* AFNetworkReachabilityManager.m in Sources */,
				246B26903C6F47B9AFC5D858 /* AFSecurityPolicy.m in Sources */,
				B3D1F912D6E6414E839147A1 /* AFURLRequestSerialization.m in Sources */,
				10A2528322254D81889DE5B3 /* AFURLResponseSerialization.m in Sources */,
				C1315ACFDF4F48B0807ABC0C /* AFURLSessionManager.m in Sources */,
				6BB476AFEB01407DA07DF644 /* SDNetworkActivityIndicator.m in Sources */,
				9D79FD0B4AC9416F94C65476 /* AppVersion.m in Sources */,
				5DCC8DFD67124437B2953A54 /* CDVDevice.m in Sources */,
				100F76D448644E8F845E73CC /* APPBackgroundMode.m in Sources */,
				BCC556798BF2409CB080341A /* APPMethodMagic.m in Sources */,
				D37D3DF1DDF44EED8116EF2F /* APPBadge.m in Sources */,
				8D01E9D71A564F2080A37227 /* UIImage+CropScaleOrientation.m in Sources */,
				82A00BDAA66D448B8B867F5B /* CDVCamera.m in Sources */,
				5369ED40E0804A5BAABFDE68 /* CDVJpegHeaderWriter.m in Sources */,
				485898A19F124E72A0E92495 /* CDVLocation.m in Sources */,
				BE9EF90C55C044F59841FA8D /* CDVInAppBrowserOptions.m in Sources */,
				2693437DA9104BDBAD7B1E6A /* CDVInAppBrowserNavigationController.m in Sources */,
				9B556AD75F324B73ADAAFF38 /* CDVWKInAppBrowser.m in Sources */,
				11B42613B33349039BF0A476 /* CDVWKInAppBrowserUIDelegate.m in Sources */,
				9E9CEA27D4DF41F88624C1C8 /* CDVIonicKeyboard.m in Sources */,
				82C44DCB386044AB9819EECA /* CDVWKWebViewEngine.m in Sources */,
				EECBA131EA1D42DB965E4130 /* CDVWKWebViewUIDelegate.m in Sources */,
				0171EC0292434A46A7B5E488 /* CDVWKProcessPoolFactory.m in Sources */,
				46119800F8804CFAB970CE35 /* IONAssetHandler.m in Sources */,
				9F80FBD4386E4751B760103E /* APPLocalNotification.m in Sources */,
				5DC3CE685BD34D87AA072F9E /* APPNotificationContent.m in Sources */,
				E3E502ECB435491DAE71069E /* APPNotificationOptions.m in Sources */,
				4CE5B6FD5015462F8F919036 /* UNUserNotificationCenter+APPLocalNotification.m in Sources */,
				72ECB2726E6647638DFD085C /* UNNotificationRequest+APPLocalNotification.m in Sources */,
				3B6B0B80C39D46068110ECBD /* NativeGeocoder.swift in Sources */,
				E95B0F03AFD4447C857943FB /* CDVConnection.m in Sources */,
				13E99C24170B47EFA0787626 /* CDVReachability.m in Sources */,
				56B72D300D354D56857D6EAD /* RequestLocationAccuracy.m in Sources */,
				E09D29FA5CDF446FB6D47954 /* CDVSplashScreen.m in Sources */,
				9DA568B7321E42C38A97E8B3 /* CDVViewController+SplashScreen.m in Sources */,
				67605677ACCD4A9EBFE507FE /* CDVStatusBar.m in Sources */,
				F8BB1511431046ACB3D9A789 /* ActionSheet.m in Sources */,
				4E2295820A5A407ABD532BBE /* CDVNotification.m in Sources */,
				9CE954562E6B497A9F80A1B0 /* LaunchNavigatorPlugin.m in Sources */,
				05954545AF1442E5A499DC9A /* WE_CordovaLogger.m in Sources */,
				9D41410DF6E64683B3836A1B /* LN_LaunchNavigator.m in Sources */,
				6D8282BBA727485DA20976C4 /* LN_Reachability.m in Sources */,
				D891F39FF6194A649C880BFA /* WE_Logger.m in Sources */,
			);
			runOnlyForDeploymentPostprocessing = 0;
		};
/* End PBXSourcesBuildPhase section */

/* Begin PBXTargetDependency section */
		301BF551109A68C00062928A /* PBXTargetDependency */ = {
			isa = PBXTargetDependency;
			name = CordovaLib;
			targetProxy = 301BF550109A68C00062928A /* PBXContainerItemProxy */;
		};
/* End PBXTargetDependency section */

/* Begin XCBuildConfiguration section */
		1D6058940D05DD3E006BFB54 /* Debug */ = {
			isa = XCBuildConfiguration;
			baseConfigurationReference = 3047A50F1AB8059700498E2A /* build-debug.xcconfig */;
			buildSettings = {
				ALWAYS_SEARCH_USER_PATHS = NO;
				ASSETCATALOG_COMPILER_APPICON_NAME = AppIcon;
				ASSETCATALOG_COMPILER_LAUNCHIMAGE_NAME = LaunchImage;
				CLANG_ENABLE_MODULES = YES;
				CLANG_ENABLE_OBJC_ARC = YES;
				COPY_PHASE_STRIP = NO;
				GCC_DYNAMIC_NO_PIC = NO;
				GCC_OPTIMIZATION_LEVEL = 0;
				GCC_PRECOMPILE_PREFIX_HEADER = YES;
				GCC_PREFIX_HEADER = "Mi familia app/Mi familia app-Prefix.pch";
				GCC_THUMB_SUPPORT = NO;
				GCC_VERSION = "";
				INFOPLIST_FILE = "Mi familia app/Mi familia app-Info.plist";
				IPHONEOS_DEPLOYMENT_TARGET = 11.0;
				LD_RUNPATH_SEARCH_PATHS = "@executable_path/Frameworks";
				PRODUCT_BUNDLE_IDENTIFIER = com.misaludfamiliar.com;
				PRODUCT_NAME = "$(TARGET_NAME)";
				TARGETED_DEVICE_FAMILY = "1,2";
			};
			name = Debug;
		};
		1D6058950D05DD3E006BFB54 /* Release */ = {
			isa = XCBuildConfiguration;
			baseConfigurationReference = 3047A5101AB8059700498E2A /* build-release.xcconfig */;
			buildSettings = {
				ALWAYS_SEARCH_USER_PATHS = NO;
				ASSETCATALOG_COMPILER_APPICON_NAME = AppIcon;
				ASSETCATALOG_COMPILER_LAUNCHIMAGE_NAME = LaunchImage;
				CLANG_ENABLE_MODULES = YES;
				CLANG_ENABLE_OBJC_ARC = YES;
				COPY_PHASE_STRIP = YES;
				GCC_PRECOMPILE_PREFIX_HEADER = YES;
				GCC_PREFIX_HEADER = "Mi familia app/Mi familia app-Prefix.pch";
				GCC_THUMB_SUPPORT = NO;
				GCC_VERSION = "";
				INFOPLIST_FILE = "Mi familia app/Mi familia app-Info.plist";
				IPHONEOS_DEPLOYMENT_TARGET = 11.0;
				LD_RUNPATH_SEARCH_PATHS = "@executable_path/Frameworks";
				PRODUCT_BUNDLE_IDENTIFIER = com.misaludfamiliar.com;
				PRODUCT_NAME = "$(TARGET_NAME)";
				TARGETED_DEVICE_FAMILY = "1,2";
			};
			name = Release;
		};
		C01FCF4F08A954540054247B /* Debug */ = {
			isa = XCBuildConfiguration;
			baseConfigurationReference = 3047A5111AB8059700498E2A /* build.xcconfig */;
			buildSettings = {
				CLANG_ENABLE_MODULES = YES;
				CLANG_ENABLE_OBJC_ARC = YES;
				CLANG_WARN_BLOCK_CAPTURE_AUTORELEASING = YES;
				CLANG_WARN_BOOL_CONVERSION = YES;
				CLANG_WARN_COMMA = YES;
				CLANG_WARN_CONSTANT_CONVERSION = YES;
				CLANG_WARN_DEPRECATED_OBJC_IMPLEMENTATIONS = YES;
				CLANG_WARN_EMPTY_BODY = YES;
				CLANG_WARN_ENUM_CONVERSION = YES;
				CLANG_WARN_INFINITE_RECURSION = YES;
				CLANG_WARN_INT_CONVERSION = YES;
				CLANG_WARN_NON_LITERAL_NULL_CONVERSION = YES;
				CLANG_WARN_OBJC_IMPLICIT_RETAIN_SELF = YES;
				CLANG_WARN_OBJC_LITERAL_CONVERSION = YES;
				CLANG_WARN_RANGE_LOOP_ANALYSIS = YES;
				CLANG_WARN_STRICT_PROTOTYPES = YES;
				CLANG_WARN_SUSPICIOUS_MOVE = YES;
				CLANG_WARN_UNREACHABLE_CODE = YES;
				CLANG_WARN__DUPLICATE_METHOD_MATCH = YES;
				ENABLE_STRICT_OBJC_MSGSEND = YES;
				ENABLE_TESTABILITY = YES;
				GCC_C_LANGUAGE_STANDARD = c99;
				GCC_NO_COMMON_BLOCKS = YES;
				GCC_THUMB_SUPPORT = NO;
				GCC_VERSION = "";
				GCC_WARN_64_TO_32_BIT_CONVERSION = YES;
				GCC_WARN_ABOUT_RETURN_TYPE = YES;
				GCC_WARN_UNDECLARED_SELECTOR = YES;
				GCC_WARN_UNINITIALIZED_AUTOS = YES;
				GCC_WARN_UNUSED_FUNCTION = YES;
				GCC_WARN_UNUSED_VARIABLE = YES;
				ONLY_ACTIVE_ARCH = YES;
				SDKROOT = iphoneos;
				SKIP_INSTALL = NO;
				WK_WEB_VIEW_ONLY = 0;
				PRODUCT_BUNDLE_IDENTIFIER = com.misaludfamiliar.com;
				IPHONEOS_DEPLOYMENT_TARGET = 11.0;
			};
			name = Debug;
		};
		C01FCF5008A954540054247B /* Release */ = {
			isa = XCBuildConfiguration;
			baseConfigurationReference = 3047A5111AB8059700498E2A /* build.xcconfig */;
			buildSettings = {
				CLANG_ENABLE_MODULES = YES;
				CLANG_ENABLE_OBJC_ARC = YES;
				CLANG_WARN_BLOCK_CAPTURE_AUTORELEASING = YES;
				CLANG_WARN_BOOL_CONVERSION = YES;
				CLANG_WARN_COMMA = YES;
				CLANG_WARN_CONSTANT_CONVERSION = YES;
				CLANG_WARN_DEPRECATED_OBJC_IMPLEMENTATIONS = YES;
				CLANG_WARN_EMPTY_BODY = YES;
				CLANG_WARN_ENUM_CONVERSION = YES;
				CLANG_WARN_INFINITE_RECURSION = YES;
				CLANG_WARN_INT_CONVERSION = YES;
				CLANG_WARN_NON_LITERAL_NULL_CONVERSION = YES;
				CLANG_WARN_OBJC_IMPLICIT_RETAIN_SELF = YES;
				CLANG_WARN_OBJC_LITERAL_CONVERSION = YES;
				CLANG_WARN_RANGE_LOOP_ANALYSIS = YES;
				CLANG_WARN_STRICT_PROTOTYPES = YES;
				CLANG_WARN_SUSPICIOUS_MOVE = YES;
				CLANG_WARN_UNREACHABLE_CODE = YES;
				CLANG_WARN__DUPLICATE_METHOD_MATCH = YES;
				ENABLE_STRICT_OBJC_MSGSEND = YES;
				GCC_C_LANGUAGE_STANDARD = c99;
				GCC_NO_COMMON_BLOCKS = YES;
				GCC_THUMB_SUPPORT = NO;
				GCC_VERSION = "";
				GCC_WARN_64_TO_32_BIT_CONVERSION = YES;
				GCC_WARN_ABOUT_RETURN_TYPE = YES;
				GCC_WARN_UNDECLARED_SELECTOR = YES;
				GCC_WARN_UNINITIALIZED_AUTOS = YES;
				GCC_WARN_UNUSED_FUNCTION = YES;
				GCC_WARN_UNUSED_VARIABLE = YES;
				SDKROOT = iphoneos;
				SKIP_INSTALL = NO;
				WK_WEB_VIEW_ONLY = 0;
				PRODUCT_BUNDLE_IDENTIFIER = com.misaludfamiliar.com;
				IPHONEOS_DEPLOYMENT_TARGET = 11.0;
			};
			name = Release;
		};
/* End XCBuildConfiguration section */

/* Begin XCConfigurationList section */
		1D6058960D05DD3E006BFB54 /* Build configuration list for PBXNativeTarget "Mi familia app" */ = {
			isa = XCConfigurationList;
			buildConfigurations = (
				1D6058940D05DD3E006BFB54 /* Debug */,
				1D6058950D05DD3E006BFB54 /* Release */,
			);
			defaultConfigurationIsVisible = 0;
			defaultConfigurationName = Release;
		};
		C01FCF4E08A954540054247B /* Build configuration list for PBXProject "Mi familia app" */ = {
			isa = XCConfigurationList;
			buildConfigurations = (
				C01FCF4F08A954540054247B /* Debug */,
				C01FCF5008A954540054247B /* Release */,
			);
			defaultConfigurationIsVisible = 0;
			defaultConfigurationName = Release;
		};
/* End XCConfigurationList section */
	};
	rootObject = 29B97313FDCFA39411CA2CEA /* Project object */;
}
